
Microsoft Visual Studio Solution File, Format Version 12.00
# Visual Studio Version 16
VisualStudioVersion = 16.0.810.7
MinimumVisualStudioVersion = 10.0.40219.1
Project("{FAE04EC0-301F-11D3-BF4B-00C04F79EFBC}") = "Test", "Test\Test.csproj", "{752A3EAB-EEA2-4D23-938B-6AB8668617B5}"
EndProject
Project("{FAE04EC0-301F-11D3-BF4B-00C04F79EFBC}") = "TestClass", "TestClass\TestClass.csproj", "{55FCA4A7-56F3-4491-829F-0D816EBDD5BF}"
EndProject
Global
	GlobalSection(SolutionConfigurationPlatforms) = preSolution
		Debug|Any CPU = Debug|Any CPU
		Release|Any CPU = Release|Any CPU
	EndGlobalSection
	GlobalSection(ProjectConfigurationPlatforms) = postSolution
		{752A3EAB-EEA2-4D23-938B-6AB8668617B5}.Debug|Any CPU.ActiveCfg = Debug|Any CPU
		{752A3EAB-EEA2-4D23-938B-6AB8668617B5}.Debug|Any CPU.Build.0 = Debug|Any CPU
		{752A3EAB-EEA2-4D23-938B-6AB8668617B5}.Release|Any CPU.ActiveCfg = Release|Any CPU
		{752A3EAB-EEA2-4D23-938B-6AB8668617B5}.Release|Any CPU.Build.0 = Release|Any CPU
		{55FCA4A7-56F3-4491-829F-0D816EBDD5BF}.Debug|Any CPU.ActiveCfg = Debug|Any CPU
		{55FCA4A7-56F3-4491-829F-0D816EBDD5BF}.Debug|Any CPU.Build.0 = Debug|Any CPU
		{55FCA4A7-56F3-4491-829F-0D816EBDD5BF}.Release|Any CPU.ActiveCfg = Release|Any CPU
		{55FCA4A7-56F3-4491-829F-0D816EBDD5BF}.Release|Any CPU.Build.0 = Release|Any CPU
	EndGlobalSection
	GlobalSection(SolutionProperties) = preSolution
		HideSolutionNode = FALSE
	EndGlobalSection
	GlobalSection(ExtensibilityGlobals) = postSolution
		SolutionGuid = {7C3CF229-69CE-497E-93EC-F15BBB1C6EC5}
	EndGlobalSection
EndGlobal
